
Microsoft Visual Studio Solution File, Format Version 12.00
# Visual Studio Version 16
VisualStudioVersion = 16.0.31515.178
MinimumVisualStudioVersion = 10.0.40219.1
Project("{FAE04EC0-301F-11D3-BF4B-00C04F79EFBC}") = "21", "21\21.csproj", "{6C8762B2-CEC9-493E-8885-9DD1ACF59626}"
EndProject
Global
	GlobalSection(SolutionConfigurationPlatforms) = preSolution
		Debug|Any CPU = Debug|Any CPU
		Release|Any CPU = Release|Any CPU
	EndGlobalSection
	GlobalSection(ProjectConfigurationPlatforms) = postSolution
		{6C8762B2-CEC9-493E-8885-9DD1ACF59626}.Debug|Any CPU.ActiveCfg = Debug|Any CPU
		{6C8762B2-CEC9-493E-8885-9DD1ACF59626}.Debug|Any CPU.Build.0 = Debug|Any CPU
		{6C8762B2-CEC9-493E-8885-9DD1ACF59626}.Release|Any CPU.ActiveCfg = Release|Any CPU
		{6C8762B2-CEC9-493E-8885-9DD1ACF59626}.Release|Any CPU.Build.0 = Release|Any CPU
	EndGlobalSection
	GlobalSection(SolutionProperties) = preSolution
		HideSolutionNode = FALSE
	EndGlobalSection
	GlobalSection(ExtensibilityGlobals) = postSolution
		SolutionGuid = {69B504C9-E31D-4944-8E5C-FDF3C59B835D}
	EndGlobalSection
EndGlobal
