
Microsoft Visual Studio Solution File, Format Version 12.00
# Visual Studio Version 16
VisualStudioVersion = 16.0.31515.178
MinimumVisualStudioVersion = 10.0.40219.1
Project("{FAE04EC0-301F-11D3-BF4B-00C04F79EFBC}") = "listatres", "listatres\listatres.csproj", "{B96104E9-28B6-4E20-8F2E-B7826B3B156F}"
EndProject
Global
	GlobalSection(SolutionConfigurationPlatforms) = preSolution
		Debug|Any CPU = Debug|Any CPU
		Release|Any CPU = Release|Any CPU
	EndGlobalSection
	GlobalSection(ProjectConfigurationPlatforms) = postSolution
		{B96104E9-28B6-4E20-8F2E-B7826B3B156F}.Debug|Any CPU.ActiveCfg = Debug|Any CPU
		{B96104E9-28B6-4E20-8F2E-B7826B3B156F}.Debug|Any CPU.Build.0 = Debug|Any CPU
		{B96104E9-28B6-4E20-8F2E-B7826B3B156F}.Release|Any CPU.ActiveCfg = Release|Any CPU
		{B96104E9-28B6-4E20-8F2E-B7826B3B156F}.Release|Any CPU.Build.0 = Release|Any CPU
	EndGlobalSection
	GlobalSection(SolutionProperties) = preSolution
		HideSolutionNode = FALSE
	EndGlobalSection
	GlobalSection(ExtensibilityGlobals) = postSolution
		SolutionGuid = {46401ACB-CE08-46C4-9C97-24C41EE83A8E}
	EndGlobalSection
EndGlobal
