
Microsoft Visual Studio Solution File, Format Version 12.00
# Visual Studio Version 16
VisualStudioVersion = 16.0.31515.178
MinimumVisualStudioVersion = 10.0.40219.1
Project("{FAE04EC0-301F-11D3-BF4B-00C04F79EFBC}") = "24", "24\24.csproj", "{8A1C5E27-484C-4D83-A5EE-484D654F1C41}"
EndProject
Global
	GlobalSection(SolutionConfigurationPlatforms) = preSolution
		Debug|Any CPU = Debug|Any CPU
		Release|Any CPU = Release|Any CPU
	EndGlobalSection
	GlobalSection(ProjectConfigurationPlatforms) = postSolution
		{8A1C5E27-484C-4D83-A5EE-484D654F1C41}.Debug|Any CPU.ActiveCfg = Debug|Any CPU
		{8A1C5E27-484C-4D83-A5EE-484D654F1C41}.Debug|Any CPU.Build.0 = Debug|Any CPU
		{8A1C5E27-484C-4D83-A5EE-484D654F1C41}.Release|Any CPU.ActiveCfg = Release|Any CPU
		{8A1C5E27-484C-4D83-A5EE-484D654F1C41}.Release|Any CPU.Build.0 = Release|Any CPU
	EndGlobalSection
	GlobalSection(SolutionProperties) = preSolution
		HideSolutionNode = FALSE
	EndGlobalSection
	GlobalSection(ExtensibilityGlobals) = postSolution
		SolutionGuid = {5C111CD5-82BF-456F-9838-E981E5694009}
	EndGlobalSection
EndGlobal
