
Microsoft Visual Studio Solution File, Format Version 12.00
# Visual Studio Version 16
VisualStudioVersion = 16.0.31515.178
MinimumVisualStudioVersion = 10.0.40219.1
Project("{FAE04EC0-301F-11D3-BF4B-00C04F79EFBC}") = "uno", "uno\uno.csproj", "{E426E388-AAD0-420B-B70C-2C61B19FE26E}"
EndProject
Global
	GlobalSection(SolutionConfigurationPlatforms) = preSolution
		Debug|Any CPU = Debug|Any CPU
		Release|Any CPU = Release|Any CPU
	EndGlobalSection
	GlobalSection(ProjectConfigurationPlatforms) = postSolution
		{E426E388-AAD0-420B-B70C-2C61B19FE26E}.Debug|Any CPU.ActiveCfg = Debug|Any CPU
		{E426E388-AAD0-420B-B70C-2C61B19FE26E}.Debug|Any CPU.Build.0 = Debug|Any CPU
		{E426E388-AAD0-420B-B70C-2C61B19FE26E}.Release|Any CPU.ActiveCfg = Release|Any CPU
		{E426E388-AAD0-420B-B70C-2C61B19FE26E}.Release|Any CPU.Build.0 = Release|Any CPU
	EndGlobalSection
	GlobalSection(SolutionProperties) = preSolution
		HideSolutionNode = FALSE
	EndGlobalSection
	GlobalSection(ExtensibilityGlobals) = postSolution
		SolutionGuid = {19FC5758-9679-4AC3-8DC7-B0D60040064E}
	EndGlobalSection
EndGlobal
