
Microsoft Visual Studio Solution File, Format Version 12.00
# Visual Studio Version 16
VisualStudioVersion = 16.0.31515.178
MinimumVisualStudioVersion = 10.0.40219.1
Project("{FAE04EC0-301F-11D3-BF4B-00C04F79EFBC}") = "listacuatro", "listacuatro\listacuatro.csproj", "{C15C54CB-5966-4FD6-8900-9DBD9EDA3E5C}"
EndProject
Global
	GlobalSection(SolutionConfigurationPlatforms) = preSolution
		Debug|Any CPU = Debug|Any CPU
		Release|Any CPU = Release|Any CPU
	EndGlobalSection
	GlobalSection(ProjectConfigurationPlatforms) = postSolution
		{C15C54CB-5966-4FD6-8900-9DBD9EDA3E5C}.Debug|Any CPU.ActiveCfg = Debug|Any CPU
		{C15C54CB-5966-4FD6-8900-9DBD9EDA3E5C}.Debug|Any CPU.Build.0 = Debug|Any CPU
		{C15C54CB-5966-4FD6-8900-9DBD9EDA3E5C}.Release|Any CPU.ActiveCfg = Release|Any CPU
		{C15C54CB-5966-4FD6-8900-9DBD9EDA3E5C}.Release|Any CPU.Build.0 = Release|Any CPU
	EndGlobalSection
	GlobalSection(SolutionProperties) = preSolution
		HideSolutionNode = FALSE
	EndGlobalSection
	GlobalSection(ExtensibilityGlobals) = postSolution
		SolutionGuid = {B62D9E81-AA5E-4C26-8B33-9FE5C3495C26}
	EndGlobalSection
EndGlobal
