
Microsoft Visual Studio Solution File, Format Version 12.00
# Visual Studio Version 16
VisualStudioVersion = 16.0.31515.178
MinimumVisualStudioVersion = 10.0.40219.1
Project("{FAE04EC0-301F-11D3-BF4B-00C04F79EFBC}") = "numros", "numros\numros.csproj", "{6748AACA-B9F6-43DB-A91E-4C884388DCEB}"
EndProject
Global
	GlobalSection(SolutionConfigurationPlatforms) = preSolution
		Debug|Any CPU = Debug|Any CPU
		Release|Any CPU = Release|Any CPU
	EndGlobalSection
	GlobalSection(ProjectConfigurationPlatforms) = postSolution
		{6748AACA-B9F6-43DB-A91E-4C884388DCEB}.Debug|Any CPU.ActiveCfg = Debug|Any CPU
		{6748AACA-B9F6-43DB-A91E-4C884388DCEB}.Debug|Any CPU.Build.0 = Debug|Any CPU
		{6748AACA-B9F6-43DB-A91E-4C884388DCEB}.Release|Any CPU.ActiveCfg = Release|Any CPU
		{6748AACA-B9F6-43DB-A91E-4C884388DCEB}.Release|Any CPU.Build.0 = Release|Any CPU
	EndGlobalSection
	GlobalSection(SolutionProperties) = preSolution
		HideSolutionNode = FALSE
	EndGlobalSection
	GlobalSection(ExtensibilityGlobals) = postSolution
		SolutionGuid = {F511E8AA-81C8-488E-A8E6-415BA67428B1}
	EndGlobalSection
EndGlobal
